
Microsoft Visual Studio Solution File, Format Version 12.00
# Visual Studio Version 16
VisualStudioVersion = 16.0.30420.98
MinimumVisualStudioVersion = 10.0.40219.1
Project("{FAE04EC0-301F-11D3-BF4B-00C04F79EFBC}") = "TaigaUpdateGithubProfile", "TaigaUpdateGithubProfile.csproj", "{93CD2552-69FC-4D80-82A3-F22D91855A1F}"
EndProject
Global
	GlobalSection(SolutionConfigurationPlatforms) = preSolution
		Debug|Any CPU = Debug|Any CPU
		Release|Any CPU = Release|Any CPU
	EndGlobalSection
	GlobalSection(ProjectConfigurationPlatforms) = postSolution
		{93CD2552-69FC-4D80-82A3-F22D91855A1F}.Debug|Any CPU.ActiveCfg = Debug|Any CPU
		{93CD2552-69FC-4D80-82A3-F22D91855A1F}.Debug|Any CPU.Build.0 = Debug|Any CPU
		{93CD2552-69FC-4D80-82A3-F22D91855A1F}.Release|Any CPU.ActiveCfg = Release|Any CPU
		{93CD2552-69FC-4D80-82A3-F22D91855A1F}.Release|Any CPU.Build.0 = Release|Any CPU
	EndGlobalSection
	GlobalSection(SolutionProperties) = preSolution
		HideSolutionNode = FALSE
	EndGlobalSection
	GlobalSection(ExtensibilityGlobals) = postSolution
		SolutionGuid = {A1085081-7139-4623-8C3B-BD1817195342}
	EndGlobalSection
EndGlobal
